
Microsoft Visual Studio Solution File, Format Version 12.00
# Visual Studio Version 16
VisualStudioVersion = 16.0.29025.244
MinimumVisualStudioVersion = 10.0.40219.1
Project("{FAE04EC0-301F-11D3-BF4B-00C04F79EFBC}") = "BankSimulator", "BankSimulator.csproj", "{7E0AEDD8-E602-4746-BB85-67106BF4B374}"
EndProject
Global
	GlobalSection(SolutionConfigurationPlatforms) = preSolution
		Debug|Any CPU = Debug|Any CPU
		Release|Any CPU = Release|Any CPU
	EndGlobalSection
	GlobalSection(ProjectConfigurationPlatforms) = postSolution
		{7E0AEDD8-E602-4746-BB85-67106BF4B374}.Debug|Any CPU.ActiveCfg = Debug|Any CPU
		{7E0AEDD8-E602-4746-BB85-67106BF4B374}.Debug|Any CPU.Build.0 = Debug|Any CPU
		{7E0AEDD8-E602-4746-BB85-67106BF4B374}.Release|Any CPU.ActiveCfg = Release|Any CPU
		{7E0AEDD8-E602-4746-BB85-67106BF4B374}.Release|Any CPU.Build.0 = Release|Any CPU
	EndGlobalSection
	GlobalSection(SolutionProperties) = preSolution
		HideSolutionNode = FALSE
	EndGlobalSection
	GlobalSection(ExtensibilityGlobals) = postSolution
		SolutionGuid = {195C7A4F-DF41-4812-B2A2-F5A342D87DB3}
	EndGlobalSection
EndGlobal
